Microsoft Visual Studio Solution File, Format Version 12.00
# Visual Studio Version 17
VisualStudioVersion = 17.5.2.0
MinimumVisualStudioVersion = 10.0.40219.1
Project("{2150E333-8FDC-42A3-9474-1A3956D46DE8}") = "sidecar", "sidecar", "{35BE7101-75C4-D3BD-85F1-4D6585881F29}"
EndProject
Project("{FAE04EC0-301F-11D3-BF4B-00C04F79EFBC}") = "ServiceBusEmulatorSidecar", "sidecar\ServiceBusEmulatorSidecar.csproj", "{58CEB47F-754E-B55D-4164-63A6A348CCA4}"
EndProject
Global
	GlobalSection(SolutionConfigurationPlatforms) = preSolution
		Debug|Any CPU = Debug|Any CPU
		Release|Any CPU = Release|Any CPU
	EndGlobalSection
	GlobalSection(ProjectConfigurationPlatforms) = postSolution
		{58CEB47F-754E-B55D-4164-63A6A348CCA4}.Debug|Any CPU.ActiveCfg = Debug|Any CPU
		{58CEB47F-754E-B55D-4164-63A6A348CCA4}.Debug|Any CPU.Build.0 = Debug|Any CPU
		{58CEB47F-754E-B55D-4164-63A6A348CCA4}.Release|Any CPU.ActiveCfg = Release|Any CPU
		{58CEB47F-754E-B55D-4164-63A6A348CCA4}.Release|Any CPU.Build.0 = Release|Any CPU
	EndGlobalSection
	GlobalSection(SolutionProperties) = preSolution
		HideSolutionNode = FALSE
	EndGlobalSection
	GlobalSection(NestedProjects) = preSolution
		{58CEB47F-754E-B55D-4164-63A6A348CCA4} = {35BE7101-75C4-D3BD-85F1-4D6585881F29}
	EndGlobalSection
	GlobalSection(ExtensibilityGlobals) = postSolution
		SolutionGuid = {3AB098C1-9E98-40FA-8A7E-107A23DA4159}
	EndGlobalSection
EndGlobal
